
Microsoft Visual Studio Solution File, Format Version 12.00
# Visual Studio Version 16
VisualStudioVersion = 16.0.34407.143
MinimumVisualStudioVersion = 10.0.40219.1
Project("{FAE04EC0-301F-11D3-BF4B-00C04F79EFBC}") = "CSH03_Lektion1", "CSH03\CSH03_Lektion1.csproj", "{F4AB7559-EF5C-4ED2-AFB8-E2E672476B8F}"
EndProject
Project("{FAE04EC0-301F-11D3-BF4B-00C04F79EFBC}") = "DelegateBeispiel", "DelegateBeispiel\DelegateBeispiel.csproj", "{A073BFBA-FB30-4F60-A700-24CE965A6084}"
EndProject
Project("{FAE04EC0-301F-11D3-BF4B-00C04F79EFBC}") = "CSH03_Lektion2", "CSH03_Lektion2\CSH03_Lektion2.csproj", "{F178EF9D-3725-44AC-AC45-19235D2656EB}"
EndProject
Project("{FAE04EC0-301F-11D3-BF4B-00C04F79EFBC}") = "ThreadExample", "ThreadExample\ThreadExample.csproj", "{AF76BC57-04CB-4AD4-888A-2EE2E22054E8}"
EndProject
Project("{FAE04EC0-301F-11D3-BF4B-00C04F79EFBC}") = "03WHA2_1", "03WHA2_1\03WHA2_1.csproj", "{4E375AD0-D066-48D8-81C1-E4D2549B03C7}"
EndProject
Project("{FAE04EC0-301F-11D3-BF4B-00C04F79EFBC}") = "03WHA2_3", "03WHA2_3\03WHA2_3.csproj", "{7F0CB317-8C7D-4E34-96B8-26F19D8086AA}"
EndProject
Project("{FAE04EC0-301F-11D3-BF4B-00C04F79EFBC}") = "CSH03_Lektion3", "CSH03_Lektion3\CSH03_Lektion3.csproj", "{B2138ED8-0860-4D86-80B3-AB1008AD3A9B}"
EndProject
Project("{FAE04EC0-301F-11D3-BF4B-00C04F79EFBC}") = "CSH03_Lektion3_5", "CSH03_Lektion3_5\CSH03_Lektion3_5.csproj", "{9B530750-CD5C-4E8A-B6DB-CD9DF31824B6}"
EndProject
Project("{FAE04EC0-301F-11D3-BF4B-00C04F79EFBC}") = "03WHA3_3", "03WHA3_3\03WHA3_3.csproj", "{D5FE6C99-3A02-43AB-B2A9-E66B29A77BE1}"
EndProject
Project("{FAE04EC0-301F-11D3-BF4B-00C04F79EFBC}") = "FileBeispiele", "FileBeispiele\FileBeispiele.csproj", "{D3EDCDE0-D175-416B-9206-605D24F404EE}"
EndProject
Project("{FAE04EC0-301F-11D3-BF4B-00C04F79EFBC}") = "StreamBeispiele", "StreamBeispiele\StreamBeispiele.csproj", "{50896081-E71A-4369-A0C5-2A7CD06D06E7}"
EndProject
Project("{FAE04EC0-301F-11D3-BF4B-00C04F79EFBC}") = "BinaryBeispiele", "BinaryBeispiele\BinaryBeispiele.csproj", "{37A4F7BB-7C48-456B-A6BD-38DAF5669BEC}"
EndProject
Project("{FAE04EC0-301F-11D3-BF4B-00C04F79EFBC}") = "CSH03_Lektion5", "CSH03_Lektion5\CSH03_Lektion5.csproj", "{0022AB41-4951-4926-A581-5151B3892F23}"
EndProject
Project("{FAE04EC0-301F-11D3-BF4B-00C04F79EFBC}") = "CSH03_Lektion5_5", "CSH03_Lektion5_5\CSH03_Lektion5_5.csproj", "{97B80593-B168-441B-A379-9D1AD433D5E4}"
EndProject
Project("{FAE04EC0-301F-11D3-BF4B-00C04F79EFBC}") = "ESA_2", "ESA_2\ESA_2.csproj", "{0C4AB527-EF9C-45AC-91CA-3DC319206748}"
EndProject
Project("{FAE04EC0-301F-11D3-BF4B-00C04F79EFBC}") = "ESA_Projekt", "ESA_Projekt\ESA_Projekt.csproj", "{85294827-4829-4B80-B514-91089B5F8E93}"
EndProject
Project("{FAE04EC0-301F-11D3-BF4B-00C04F79EFBC}") = "FliegerPj", "FliegerPj\FliegerPj.csproj", "{0AC0A0C9-D5AB-41AD-90ED-D2A8A0F5A331}"
EndProject
Project("{FAE04EC0-301F-11D3-BF4B-00C04F79EFBC}") = "ESA_Project", "ESA_Project\ESA_Project.csproj", "{05D37869-E13C-4B2B-AF54-111A36F0A4EB}"
EndProject
Global
	GlobalSection(SolutionConfigurationPlatforms) = preSolution
		Debug|Any CPU = Debug|Any CPU
		Release|Any CPU = Release|Any CPU
	EndGlobalSection
	GlobalSection(ProjectConfigurationPlatforms) = postSolution
		{F4AB7559-EF5C-4ED2-AFB8-E2E672476B8F}.Debug|Any CPU.ActiveCfg = Debug|Any CPU
		{F4AB7559-EF5C-4ED2-AFB8-E2E672476B8F}.Debug|Any CPU.Build.0 = Debug|Any CPU
		{F4AB7559-EF5C-4ED2-AFB8-E2E672476B8F}.Release|Any CPU.ActiveCfg = Release|Any CPU
		{F4AB7559-EF5C-4ED2-AFB8-E2E672476B8F}.Release|Any CPU.Build.0 = Release|Any CPU
		{A073BFBA-FB30-4F60-A700-24CE965A6084}.Debug|Any CPU.ActiveCfg = Debug|Any CPU
		{A073BFBA-FB30-4F60-A700-24CE965A6084}.Debug|Any CPU.Build.0 = Debug|Any CPU
		{A073BFBA-FB30-4F60-A700-24CE965A6084}.Release|Any CPU.ActiveCfg = Release|Any CPU
		{A073BFBA-FB30-4F60-A700-24CE965A6084}.Release|Any CPU.Build.0 = Release|Any CPU
		{F178EF9D-3725-44AC-AC45-19235D2656EB}.Debug|Any CPU.ActiveCfg = Debug|Any CPU
		{F178EF9D-3725-44AC-AC45-19235D2656EB}.Debug|Any CPU.Build.0 = Debug|Any CPU
		{F178EF9D-3725-44AC-AC45-19235D2656EB}.Release|Any CPU.ActiveCfg = Release|Any CPU
		{F178EF9D-3725-44AC-AC45-19235D2656EB}.Release|Any CPU.Build.0 = Release|Any CPU
		{AF76BC57-04CB-4AD4-888A-2EE2E22054E8}.Debug|Any CPU.ActiveCfg = Debug|Any CPU
		{AF76BC57-04CB-4AD4-888A-2EE2E22054E8}.Debug|Any CPU.Build.0 = Debug|Any CPU
		{AF76BC57-04CB-4AD4-888A-2EE2E22054E8}.Release|Any CPU.ActiveCfg = Release|Any CPU
		{AF76BC57-04CB-4AD4-888A-2EE2E22054E8}.Release|Any CPU.Build.0 = Release|Any CPU
		{4E375AD0-D066-48D8-81C1-E4D2549B03C7}.Debug|Any CPU.ActiveCfg = Debug|Any CPU
		{4E375AD0-D066-48D8-81C1-E4D2549B03C7}.Debug|Any CPU.Build.0 = Debug|Any CPU
		{4E375AD0-D066-48D8-81C1-E4D2549B03C7}.Release|Any CPU.ActiveCfg = Release|Any CPU
		{4E375AD0-D066-48D8-81C1-E4D2549B03C7}.Release|Any CPU.Build.0 = Release|Any CPU
		{7F0CB317-8C7D-4E34-96B8-26F19D8086AA}.Debug|Any CPU.ActiveCfg = Debug|Any CPU
		{7F0CB317-8C7D-4E34-96B8-26F19D8086AA}.Debug|Any CPU.Build.0 = Debug|Any CPU
		{7F0CB317-8C7D-4E34-96B8-26F19D8086AA}.Release|Any CPU.ActiveCfg = Release|Any CPU
		{7F0CB317-8C7D-4E34-96B8-26F19D8086AA}.Release|Any CPU.Build.0 = Release|Any CPU
		{B2138ED8-0860-4D86-80B3-AB1008AD3A9B}.Debug|Any CPU.ActiveCfg = Debug|Any CPU
		{B2138ED8-0860-4D86-80B3-AB1008AD3A9B}.Debug|Any CPU.Build.0 = Debug|Any CPU
		{B2138ED8-0860-4D86-80B3-AB1008AD3A9B}.Release|Any CPU.ActiveCfg = Release|Any CPU
		{B2138ED8-0860-4D86-80B3-AB1008AD3A9B}.Release|Any CPU.Build.0 = Release|Any CPU
		{9B530750-CD5C-4E8A-B6DB-CD9DF31824B6}.Debug|Any CPU.ActiveCfg = Debug|Any CPU
		{9B530750-CD5C-4E8A-B6DB-CD9DF31824B6}.Debug|Any CPU.Build.0 = Debug|Any CPU
		{9B530750-CD5C-4E8A-B6DB-CD9DF31824B6}.Release|Any CPU.ActiveCfg = Release|Any CPU
		{9B530750-CD5C-4E8A-B6DB-CD9DF31824B6}.Release|Any CPU.Build.0 = Release|Any CPU
		{D5FE6C99-3A02-43AB-B2A9-E66B29A77BE1}.Debug|Any CPU.ActiveCfg = Debug|Any CPU
		{D5FE6C99-3A02-43AB-B2A9-E66B29A77BE1}.Debug|Any CPU.Build.0 = Debug|Any CPU
		{D5FE6C99-3A02-43AB-B2A9-E66B29A77BE1}.Release|Any CPU.ActiveCfg = Release|Any CPU
		{D5FE6C99-3A02-43AB-B2A9-E66B29A77BE1}.Release|Any CPU.Build.0 = Release|Any CPU
		{D3EDCDE0-D175-416B-9206-605D24F404EE}.Debug|Any CPU.ActiveCfg = Debug|Any CPU
		{D3EDCDE0-D175-416B-9206-605D24F404EE}.Debug|Any CPU.Build.0 = Debug|Any CPU
		{D3EDCDE0-D175-416B-9206-605D24F404EE}.Release|Any CPU.ActiveCfg = Release|Any CPU
		{D3EDCDE0-D175-416B-9206-605D24F404EE}.Release|Any CPU.Build.0 = Release|Any CPU
		{50896081-E71A-4369-A0C5-2A7CD06D06E7}.Debug|Any CPU.ActiveCfg = Debug|Any CPU
		{50896081-E71A-4369-A0C5-2A7CD06D06E7}.Debug|Any CPU.Build.0 = Debug|Any CPU
		{50896081-E71A-4369-A0C5-2A7CD06D06E7}.Release|Any CPU.ActiveCfg = Release|Any CPU
		{50896081-E71A-4369-A0C5-2A7CD06D06E7}.Release|Any CPU.Build.0 = Release|Any CPU
		{37A4F7BB-7C48-456B-A6BD-38DAF5669BEC}.Debug|Any CPU.ActiveCfg = Debug|Any CPU
		{37A4F7BB-7C48-456B-A6BD-38DAF5669BEC}.Debug|Any CPU.Build.0 = Debug|Any CPU
		{37A4F7BB-7C48-456B-A6BD-38DAF5669BEC}.Release|Any CPU.ActiveCfg = Release|Any CPU
		{37A4F7BB-7C48-456B-A6BD-38DAF5669BEC}.Release|Any CPU.Build.0 = Release|Any CPU
		{0022AB41-4951-4926-A581-5151B3892F23}.Debug|Any CPU.ActiveCfg = Debug|Any CPU
		{0022AB41-4951-4926-A581-5151B3892F23}.Debug|Any CPU.Build.0 = Debug|Any CPU
		{0022AB41-4951-4926-A581-5151B3892F23}.Release|Any CPU.ActiveCfg = Release|Any CPU
		{0022AB41-4951-4926-A581-5151B3892F23}.Release|Any CPU.Build.0 = Release|Any CPU
		{97B80593-B168-441B-A379-9D1AD433D5E4}.Debug|Any CPU.ActiveCfg = Debug|Any CPU
		{97B80593-B168-441B-A379-9D1AD433D5E4}.Debug|Any CPU.Build.0 = Debug|Any CPU
		{97B80593-B168-441B-A379-9D1AD433D5E4}.Release|Any CPU.ActiveCfg = Release|Any CPU
		{97B80593-B168-441B-A379-9D1AD433D5E4}.Release|Any CPU.Build.0 = Release|Any CPU
		{0C4AB527-EF9C-45AC-91CA-3DC319206748}.Debug|Any CPU.ActiveCfg = Debug|Any CPU
		{0C4AB527-EF9C-45AC-91CA-3DC319206748}.Debug|Any CPU.Build.0 = Debug|Any CPU
		{0C4AB527-EF9C-45AC-91CA-3DC319206748}.Release|Any CPU.ActiveCfg = Release|Any CPU
		{0C4AB527-EF9C-45AC-91CA-3DC319206748}.Release|Any CPU.Build.0 = Release|Any CPU
		{85294827-4829-4B80-B514-91089B5F8E93}.Debug|Any CPU.ActiveCfg = Debug|Any CPU
		{85294827-4829-4B80-B514-91089B5F8E93}.Debug|Any CPU.Build.0 = Debug|Any CPU
		{85294827-4829-4B80-B514-91089B5F8E93}.Release|Any CPU.ActiveCfg = Release|Any CPU
		{85294827-4829-4B80-B514-91089B5F8E93}.Release|Any CPU.Build.0 = Release|Any CPU
		{0AC0A0C9-D5AB-41AD-90ED-D2A8A0F5A331}.Debug|Any CPU.ActiveCfg = Debug|Any CPU
		{0AC0A0C9-D5AB-41AD-90ED-D2A8A0F5A331}.Debug|Any CPU.Build.0 = Debug|Any CPU
		{0AC0A0C9-D5AB-41AD-90ED-D2A8A0F5A331}.Release|Any CPU.ActiveCfg = Release|Any CPU
		{0AC0A0C9-D5AB-41AD-90ED-D2A8A0F5A331}.Release|Any CPU.Build.0 = Release|Any CPU
		{05D37869-E13C-4B2B-AF54-111A36F0A4EB}.Debug|Any CPU.ActiveCfg = Debug|Any CPU
		{05D37869-E13C-4B2B-AF54-111A36F0A4EB}.Debug|Any CPU.Build.0 = Debug|Any CPU
		{05D37869-E13C-4B2B-AF54-111A36F0A4EB}.Release|Any CPU.ActiveCfg = Release|Any CPU
		{05D37869-E13C-4B2B-AF54-111A36F0A4EB}.Release|Any CPU.Build.0 = Release|Any CPU
	EndGlobalSection
	GlobalSection(SolutionProperties) = preSolution
		HideSolutionNode = FALSE
	EndGlobalSection
	GlobalSection(ExtensibilityGlobals) = postSolution
		SolutionGuid = {0FBA414F-6372-4EFD-BF01-C7D5222E90D5}
	EndGlobalSection
EndGlobal
