
Microsoft Visual Studio Solution File, Format Version 12.00
# Visual Studio Version 16
VisualStudioVersion = 16.0.34729.46
MinimumVisualStudioVersion = 10.0.40219.1
Project("{FAE04EC0-301F-11D3-BF4B-00C04F79EFBC}") = "CSH04_Lektion1_2", "CSH04_Lektion1\CSH04_Lektion1_2.csproj", "{5A11E1A6-2E9A-44D3-A622-99B588971BF1}"
EndProject
Project("{FAE04EC0-301F-11D3-BF4B-00C04F79EFBC}") = "CSH04_Lektion1_1", "CSH04_Lektion1_2\CSH04_Lektion1_1.csproj", "{8C457D9E-652C-40DB-932E-3B01129E9581}"
EndProject
Project("{FAE04EC0-301F-11D3-BF4B-00C04F79EFBC}") = "CSH04_Lektion1_3", "CSH04_Lektion1_Stichpunktsammlung\CSH04_Lektion1_3.csproj", "{DF631FBD-1C4F-4900-8549-266C1D28F851}"
EndProject
Project("{FAE04EC0-301F-11D3-BF4B-00C04F79EFBC}") = "CSH04_Lektion2_1", "CSH04_Lektion2_1\CSH04_Lektion2_1.csproj", "{3F8F14DB-062A-414E-921D-C09EC4A35C51}"
EndProject
Project("{FAE04EC0-301F-11D3-BF4B-00C04F79EFBC}") = "CSH04_Lektion2_2", "CSH04_Lektion2_2\CSH04_Lektion2_2.csproj", "{3E843B04-088B-4AFA-8C41-13DF19C48347}"
EndProject
Project("{FAE04EC0-301F-11D3-BF4B-00C04F79EFBC}") = "CSH04_Lektion2_3", "CSH04_Lektion2_3\CSH04_Lektion2_3.csproj", "{E4C4E32B-6516-47E8-8BE0-DE5D447CDEAE}"
EndProject
Project("{FAE04EC0-301F-11D3-BF4B-00C04F79EFBC}") = "CSH04_Lektion2_4", "CSH04_Lektion2_4\CSH04_Lektion2_4.csproj", "{D21C7F27-F283-4E02-B046-49235071B6B8}"
EndProject
Project("{FAE04EC0-301F-11D3-BF4B-00C04F79EFBC}") = "CSH04_Lektion2_6", "CSH04_Lektion2_6\CSH04_Lektion2_6.csproj", "{F8B55A87-3597-4298-B187-01F231E3E183}"
EndProject
Project("{FAE04EC0-301F-11D3-BF4B-00C04F79EFBC}") = "CSH04_Lektion2_5", "CSH04_Lektion2_5\CSH04_Lektion2_5.csproj", "{10007974-4897-4F1A-B125-1ED62E2F05A5}"
EndProject
Project("{FAE04EC0-301F-11D3-BF4B-00C04F79EFBC}") = "CSH04_Lektion2_7", "CSH04_Lektion2_7\CSH04_Lektion2_7.csproj", "{7680F785-501D-42D8-AE9D-F558C0EA0F18}"
EndProject
Project("{FAE04EC0-301F-11D3-BF4B-00C04F79EFBC}") = "CSH04_Lektion2_8", "CSH04_Lektion2_8\CSH04_Lektion2_8.csproj", "{3221AE62-213D-424F-9D5E-D6FE09F71C86}"
EndProject
Project("{FAE04EC0-301F-11D3-BF4B-00C04F79EFBC}") = "CSH04_Lektion2_9", "CSH04_Lektion2_9\CSH04_Lektion2_9.csproj", "{9858CFA3-8D47-4722-86A1-EB9E476EBD04}"
EndProject
Project("{FAE04EC0-301F-11D3-BF4B-00C04F79EFBC}") = "CSH04_Lektion3_1", "CSH04_Lektion3_1\CSH04_Lektion3_1.csproj", "{C7E2BF31-4A5B-48FC-89CD-21C028D36AC7}"
EndProject
Project("{FAE04EC0-301F-11D3-BF4B-00C04F79EFBC}") = "CSH04_Lektion3_2", "CSH04_Lektion3_2\CSH04_Lektion3_2.csproj", "{EDC08183-705B-4F91-B658-47A0B1FBE012}"
EndProject
Project("{FAE04EC0-301F-11D3-BF4B-00C04F79EFBC}") = "CSH04_Lektion3_3", "CSH04_Lektion3_3\CSH04_Lektion3_3.csproj", "{308B7675-8C9D-4B12-8188-D933A97FEDAB}"
EndProject
Project("{FAE04EC0-301F-11D3-BF4B-00C04F79EFBC}") = "CSH04_Lektion3_4", "CSH04_Lektion3_4\CSH04_Lektion3_4.csproj", "{4A560E15-F26B-4E22-8AC5-853300EA7751}"
EndProject
Project("{FAE04EC0-301F-11D3-BF4B-00C04F79EFBC}") = "CSH04_Lektion4_1", "CSH04_Lektion4_1\CSH04_Lektion4_1.csproj", "{48B4A638-A7A4-47EE-9819-CBD59C2FF0DE}"
EndProject
Project("{FAE04EC0-301F-11D3-BF4B-00C04F79EFBC}") = "CSH04_Lektion4_2", "CSH04_Lektion4_2\CSH04_Lektion4_2.csproj", "{29D5E2CE-028D-4C25-B401-02C4B59B4548}"
EndProject
Project("{FAE04EC0-301F-11D3-BF4B-00C04F79EFBC}") = "CSH04_Lektion4_3", "CSH04_Lektion4_3\CSH04_Lektion4_3.csproj", "{A29A17E9-0D88-412A-AE8D-25C936DD4E04}"
EndProject
Project("{FAE04EC0-301F-11D3-BF4B-00C04F79EFBC}") = "CSH04_Lektion4_4", "CSH04_Lektion4_4\CSH04_Lektion4_4.csproj", "{68E335DB-2A12-43D4-B01A-97EC3031CAA7}"
EndProject
Project("{FAE04EC0-301F-11D3-BF4B-00C04F79EFBC}") = "CSH04_Lektion4_5", "CSH04_Lektion4_5\CSH04_Lektion4_5.csproj", "{FB37022F-FD39-46B5-9723-3A7D67BB26ED}"
EndProject
Global
	GlobalSection(SolutionConfigurationPlatforms) = preSolution
		Debug|Any CPU = Debug|Any CPU
		Release|Any CPU = Release|Any CPU
	EndGlobalSection
	GlobalSection(ProjectConfigurationPlatforms) = postSolution
		{5A11E1A6-2E9A-44D3-A622-99B588971BF1}.Debug|Any CPU.ActiveCfg = Debug|Any CPU
		{5A11E1A6-2E9A-44D3-A622-99B588971BF1}.Debug|Any CPU.Build.0 = Debug|Any CPU
		{5A11E1A6-2E9A-44D3-A622-99B588971BF1}.Release|Any CPU.ActiveCfg = Release|Any CPU
		{5A11E1A6-2E9A-44D3-A622-99B588971BF1}.Release|Any CPU.Build.0 = Release|Any CPU
		{8C457D9E-652C-40DB-932E-3B01129E9581}.Debug|Any CPU.ActiveCfg = Debug|Any CPU
		{8C457D9E-652C-40DB-932E-3B01129E9581}.Debug|Any CPU.Build.0 = Debug|Any CPU
		{8C457D9E-652C-40DB-932E-3B01129E9581}.Release|Any CPU.ActiveCfg = Release|Any CPU
		{8C457D9E-652C-40DB-932E-3B01129E9581}.Release|Any CPU.Build.0 = Release|Any CPU
		{DF631FBD-1C4F-4900-8549-266C1D28F851}.Debug|Any CPU.ActiveCfg = Debug|Any CPU
		{DF631FBD-1C4F-4900-8549-266C1D28F851}.Debug|Any CPU.Build.0 = Debug|Any CPU
		{DF631FBD-1C4F-4900-8549-266C1D28F851}.Release|Any CPU.ActiveCfg = Release|Any CPU
		{DF631FBD-1C4F-4900-8549-266C1D28F851}.Release|Any CPU.Build.0 = Release|Any CPU
		{3F8F14DB-062A-414E-921D-C09EC4A35C51}.Debug|Any CPU.ActiveCfg = Debug|Any CPU
		{3F8F14DB-062A-414E-921D-C09EC4A35C51}.Debug|Any CPU.Build.0 = Debug|Any CPU
		{3F8F14DB-062A-414E-921D-C09EC4A35C51}.Release|Any CPU.ActiveCfg = Release|Any CPU
		{3F8F14DB-062A-414E-921D-C09EC4A35C51}.Release|Any CPU.Build.0 = Release|Any CPU
		{3E843B04-088B-4AFA-8C41-13DF19C48347}.Debug|Any CPU.ActiveCfg = Debug|Any CPU
		{3E843B04-088B-4AFA-8C41-13DF19C48347}.Debug|Any CPU.Build.0 = Debug|Any CPU
		{3E843B04-088B-4AFA-8C41-13DF19C48347}.Release|Any CPU.ActiveCfg = Release|Any CPU
		{3E843B04-088B-4AFA-8C41-13DF19C48347}.Release|Any CPU.Build.0 = Release|Any CPU
		{E4C4E32B-6516-47E8-8BE0-DE5D447CDEAE}.Debug|Any CPU.ActiveCfg = Debug|Any CPU
		{E4C4E32B-6516-47E8-8BE0-DE5D447CDEAE}.Debug|Any CPU.Build.0 = Debug|Any CPU
		{E4C4E32B-6516-47E8-8BE0-DE5D447CDEAE}.Release|Any CPU.ActiveCfg = Release|Any CPU
		{E4C4E32B-6516-47E8-8BE0-DE5D447CDEAE}.Release|Any CPU.Build.0 = Release|Any CPU
		{D21C7F27-F283-4E02-B046-49235071B6B8}.Debug|Any CPU.ActiveCfg = Debug|Any CPU
		{D21C7F27-F283-4E02-B046-49235071B6B8}.Debug|Any CPU.Build.0 = Debug|Any CPU
		{D21C7F27-F283-4E02-B046-49235071B6B8}.Release|Any CPU.ActiveCfg = Release|Any CPU
		{D21C7F27-F283-4E02-B046-49235071B6B8}.Release|Any CPU.Build.0 = Release|Any CPU
		{F8B55A87-3597-4298-B187-01F231E3E183}.Debug|Any CPU.ActiveCfg = Debug|Any CPU
		{F8B55A87-3597-4298-B187-01F231E3E183}.Debug|Any CPU.Build.0 = Debug|Any CPU
		{F8B55A87-3597-4298-B187-01F231E3E183}.Release|Any CPU.ActiveCfg = Release|Any CPU
		{F8B55A87-3597-4298-B187-01F231E3E183}.Release|Any CPU.Build.0 = Release|Any CPU
		{10007974-4897-4F1A-B125-1ED62E2F05A5}.Debug|Any CPU.ActiveCfg = Debug|Any CPU
		{10007974-4897-4F1A-B125-1ED62E2F05A5}.Debug|Any CPU.Build.0 = Debug|Any CPU
		{10007974-4897-4F1A-B125-1ED62E2F05A5}.Release|Any CPU.ActiveCfg = Release|Any CPU
		{10007974-4897-4F1A-B125-1ED62E2F05A5}.Release|Any CPU.Build.0 = Release|Any CPU
		{7680F785-501D-42D8-AE9D-F558C0EA0F18}.Debug|Any CPU.ActiveCfg = Debug|Any CPU
		{7680F785-501D-42D8-AE9D-F558C0EA0F18}.Debug|Any CPU.Build.0 = Debug|Any CPU
		{7680F785-501D-42D8-AE9D-F558C0EA0F18}.Release|Any CPU.ActiveCfg = Release|Any CPU
		{7680F785-501D-42D8-AE9D-F558C0EA0F18}.Release|Any CPU.Build.0 = Release|Any CPU
		{3221AE62-213D-424F-9D5E-D6FE09F71C86}.Debug|Any CPU.ActiveCfg = Debug|Any CPU
		{3221AE62-213D-424F-9D5E-D6FE09F71C86}.Debug|Any CPU.Build.0 = Debug|Any CPU
		{3221AE62-213D-424F-9D5E-D6FE09F71C86}.Release|Any CPU.ActiveCfg = Release|Any CPU
		{3221AE62-213D-424F-9D5E-D6FE09F71C86}.Release|Any CPU.Build.0 = Release|Any CPU
		{9858CFA3-8D47-4722-86A1-EB9E476EBD04}.Debug|Any CPU.ActiveCfg = Debug|Any CPU
		{9858CFA3-8D47-4722-86A1-EB9E476EBD04}.Debug|Any CPU.Build.0 = Debug|Any CPU
		{9858CFA3-8D47-4722-86A1-EB9E476EBD04}.Release|Any CPU.ActiveCfg = Release|Any CPU
		{9858CFA3-8D47-4722-86A1-EB9E476EBD04}.Release|Any CPU.Build.0 = Release|Any CPU
		{C7E2BF31-4A5B-48FC-89CD-21C028D36AC7}.Debug|Any CPU.ActiveCfg = Debug|Any CPU
		{C7E2BF31-4A5B-48FC-89CD-21C028D36AC7}.Debug|Any CPU.Build.0 = Debug|Any CPU
		{C7E2BF31-4A5B-48FC-89CD-21C028D36AC7}.Release|Any CPU.ActiveCfg = Release|Any CPU
		{C7E2BF31-4A5B-48FC-89CD-21C028D36AC7}.Release|Any CPU.Build.0 = Release|Any CPU
		{EDC08183-705B-4F91-B658-47A0B1FBE012}.Debug|Any CPU.ActiveCfg = Debug|Any CPU
		{EDC08183-705B-4F91-B658-47A0B1FBE012}.Debug|Any CPU.Build.0 = Debug|Any CPU
		{EDC08183-705B-4F91-B658-47A0B1FBE012}.Release|Any CPU.ActiveCfg = Release|Any CPU
		{EDC08183-705B-4F91-B658-47A0B1FBE012}.Release|Any CPU.Build.0 = Release|Any CPU
		{308B7675-8C9D-4B12-8188-D933A97FEDAB}.Debug|Any CPU.ActiveCfg = Debug|Any CPU
		{308B7675-8C9D-4B12-8188-D933A97FEDAB}.Debug|Any CPU.Build.0 = Debug|Any CPU
		{308B7675-8C9D-4B12-8188-D933A97FEDAB}.Release|Any CPU.ActiveCfg = Release|Any CPU
		{308B7675-8C9D-4B12-8188-D933A97FEDAB}.Release|Any CPU.Build.0 = Release|Any CPU
		{4A560E15-F26B-4E22-8AC5-853300EA7751}.Debug|Any CPU.ActiveCfg = Debug|Any CPU
		{4A560E15-F26B-4E22-8AC5-853300EA7751}.Debug|Any CPU.Build.0 = Debug|Any CPU
		{4A560E15-F26B-4E22-8AC5-853300EA7751}.Release|Any CPU.ActiveCfg = Release|Any CPU
		{4A560E15-F26B-4E22-8AC5-853300EA7751}.Release|Any CPU.Build.0 = Release|Any CPU
		{48B4A638-A7A4-47EE-9819-CBD59C2FF0DE}.Debug|Any CPU.ActiveCfg = Debug|Any CPU
		{48B4A638-A7A4-47EE-9819-CBD59C2FF0DE}.Debug|Any CPU.Build.0 = Debug|Any CPU
		{48B4A638-A7A4-47EE-9819-CBD59C2FF0DE}.Release|Any CPU.ActiveCfg = Release|Any CPU
		{48B4A638-A7A4-47EE-9819-CBD59C2FF0DE}.Release|Any CPU.Build.0 = Release|Any CPU
		{29D5E2CE-028D-4C25-B401-02C4B59B4548}.Debug|Any CPU.ActiveCfg = Debug|Any CPU
		{29D5E2CE-028D-4C25-B401-02C4B59B4548}.Debug|Any CPU.Build.0 = Debug|Any CPU
		{29D5E2CE-028D-4C25-B401-02C4B59B4548}.Release|Any CPU.ActiveCfg = Release|Any CPU
		{29D5E2CE-028D-4C25-B401-02C4B59B4548}.Release|Any CPU.Build.0 = Release|Any CPU
		{A29A17E9-0D88-412A-AE8D-25C936DD4E04}.Debug|Any CPU.ActiveCfg = Debug|Any CPU
		{A29A17E9-0D88-412A-AE8D-25C936DD4E04}.Debug|Any CPU.Build.0 = Debug|Any CPU
		{A29A17E9-0D88-412A-AE8D-25C936DD4E04}.Release|Any CPU.ActiveCfg = Release|Any CPU
		{A29A17E9-0D88-412A-AE8D-25C936DD4E04}.Release|Any CPU.Build.0 = Release|Any CPU
		{68E335DB-2A12-43D4-B01A-97EC3031CAA7}.Debug|Any CPU.ActiveCfg = Debug|Any CPU
		{68E335DB-2A12-43D4-B01A-97EC3031CAA7}.Debug|Any CPU.Build.0 = Debug|Any CPU
		{68E335DB-2A12-43D4-B01A-97EC3031CAA7}.Release|Any CPU.ActiveCfg = Release|Any CPU
		{68E335DB-2A12-43D4-B01A-97EC3031CAA7}.Release|Any CPU.Build.0 = Release|Any CPU
		{FB37022F-FD39-46B5-9723-3A7D67BB26ED}.Debug|Any CPU.ActiveCfg = Debug|Any CPU
		{FB37022F-FD39-46B5-9723-3A7D67BB26ED}.Debug|Any CPU.Build.0 = Debug|Any CPU
		{FB37022F-FD39-46B5-9723-3A7D67BB26ED}.Release|Any CPU.ActiveCfg = Release|Any CPU
		{FB37022F-FD39-46B5-9723-3A7D67BB26ED}.Release|Any CPU.Build.0 = Release|Any CPU
	EndGlobalSection
	GlobalSection(SolutionProperties) = preSolution
		HideSolutionNode = FALSE
	EndGlobalSection
	GlobalSection(ExtensibilityGlobals) = postSolution
		SolutionGuid = {70733393-E840-4964-972A-EC81045A5A5C}
	EndGlobalSection
EndGlobal
