
Microsoft Visual Studio Solution File, Format Version 12.00
# Visual Studio Version 16
VisualStudioVersion = 16.0.34407.143
MinimumVisualStudioVersion = 10.0.40219.1
Project("{FAE04EC0-301F-11D3-BF4B-00C04F79EFBC}") = "CSH02", "CSH02\CSH02.csproj", "{57E17828-290A-4030-9A25-E17ACC2BDDDC}"
EndProject
Project("{FAE04EC0-301F-11D3-BF4B-00C04F79EFBC}") = "testCode", "testCode\testCode.csproj", "{C5EAF27B-D9CF-4885-9D06-25C7409A49DE}"
EndProject
Global
	GlobalSection(SolutionConfigurationPlatforms) = preSolution
		Debug|Any CPU = Debug|Any CPU
		Release|Any CPU = Release|Any CPU
	EndGlobalSection
	GlobalSection(ProjectConfigurationPlatforms) = postSolution
		{57E17828-290A-4030-9A25-E17ACC2BDDDC}.Debug|Any CPU.ActiveCfg = Debug|Any CPU
		{57E17828-290A-4030-9A25-E17ACC2BDDDC}.Debug|Any CPU.Build.0 = Debug|Any CPU
		{57E17828-290A-4030-9A25-E17ACC2BDDDC}.Release|Any CPU.ActiveCfg = Release|Any CPU
		{57E17828-290A-4030-9A25-E17ACC2BDDDC}.Release|Any CPU.Build.0 = Release|Any CPU
		{C5EAF27B-D9CF-4885-9D06-25C7409A49DE}.Debug|Any CPU.ActiveCfg = Debug|Any CPU
		{C5EAF27B-D9CF-4885-9D06-25C7409A49DE}.Debug|Any CPU.Build.0 = Debug|Any CPU
		{C5EAF27B-D9CF-4885-9D06-25C7409A49DE}.Release|Any CPU.ActiveCfg = Release|Any CPU
		{C5EAF27B-D9CF-4885-9D06-25C7409A49DE}.Release|Any CPU.Build.0 = Release|Any CPU
	EndGlobalSection
	GlobalSection(SolutionProperties) = preSolution
		HideSolutionNode = FALSE
	EndGlobalSection
	GlobalSection(ExtensibilityGlobals) = postSolution
		SolutionGuid = {12F865FA-07EB-48C7-9384-9C10ECE5E50E}
	EndGlobalSection
EndGlobal
