
Microsoft Visual Studio Solution File, Format Version 12.00
# Visual Studio Version 16
VisualStudioVersion = 16.0.34407.143
MinimumVisualStudioVersion = 10.0.40219.1
Project("{FAE04EC0-301F-11D3-BF4B-00C04F79EFBC}") = "Lektion1", "Lektion1\Lektion1.csproj", "{846FDD32-BB4F-4487-AAA0-F4DF1778F514}"
EndProject
Project("{FAE04EC0-301F-11D3-BF4B-00C04F79EFBC}") = "CSH01", "CSH01\CSH01.csproj", "{504DB5A8-F677-45D0-A69E-B1DF8D4FF15D}"
EndProject
Project("{FAE04EC0-301F-11D3-BF4B-00C04F79EFBC}") = "02WHA1_2", "02WHA1_2\02WHA1_2.csproj", "{347E1BAD-E92A-4B88-88A4-58933ED2149B}"
EndProject
Project("{FAE04EC0-301F-11D3-BF4B-00C04F79EFBC}") = "Lektion2", "Lektion2\Lektion2.csproj", "{7C475865-1AE1-4774-9112-6B4AEAF8DD94}"
EndProject
Project("{FAE04EC0-301F-11D3-BF4B-00C04F79EFBC}") = "02WHA2_1", "02WHA2_1\02WHA2_1.csproj", "{0FC50A21-7E16-40A7-BFEC-46390E88DA2E}"
EndProject
Project("{FAE04EC0-301F-11D3-BF4B-00C04F79EFBC}") = "Lektion3", "Lektion3\Lektion3.csproj", "{6DF3FCC3-064E-43F0-8097-218AECFD7D1B}"
EndProject
Project("{FAE04EC0-301F-11D3-BF4B-00C04F79EFBC}") = "02WHA3", "02WHA3\02WHA3.csproj", "{2242A2A0-8C27-4023-8EF2-3B306689F767}"
EndProject
Project("{FAE04EC0-301F-11D3-BF4B-00C04F79EFBC}") = "Lektion4", "Lektion4\Lektion4.csproj", "{8379D5D5-16F8-46E0-9254-38CD28D6C111}"
EndProject
Project("{FAE04EC0-301F-11D3-BF4B-00C04F79EFBC}") = "EgyptianMultiplication", "EgyptianMultiplication\EgyptianMultiplication.csproj", "{CE36F3B3-10BF-4342-AD5D-5BBDD7602B06}"
EndProject
Project("{FAE04EC0-301F-11D3-BF4B-00C04F79EFBC}") = "02WHA4", "02WHA4\02WHA4.csproj", "{DD60D7B8-754F-49DA-BC84-410725BBB20E}"
EndProject
Global
	GlobalSection(SolutionConfigurationPlatforms) = preSolution
		Debug|Any CPU = Debug|Any CPU
		Release|Any CPU = Release|Any CPU
	EndGlobalSection
	GlobalSection(ProjectConfigurationPlatforms) = postSolution
		{846FDD32-BB4F-4487-AAA0-F4DF1778F514}.Debug|Any CPU.ActiveCfg = Debug|Any CPU
		{846FDD32-BB4F-4487-AAA0-F4DF1778F514}.Debug|Any CPU.Build.0 = Debug|Any CPU
		{846FDD32-BB4F-4487-AAA0-F4DF1778F514}.Release|Any CPU.ActiveCfg = Release|Any CPU
		{846FDD32-BB4F-4487-AAA0-F4DF1778F514}.Release|Any CPU.Build.0 = Release|Any CPU
		{504DB5A8-F677-45D0-A69E-B1DF8D4FF15D}.Debug|Any CPU.ActiveCfg = Debug|Any CPU
		{504DB5A8-F677-45D0-A69E-B1DF8D4FF15D}.Debug|Any CPU.Build.0 = Debug|Any CPU
		{504DB5A8-F677-45D0-A69E-B1DF8D4FF15D}.Release|Any CPU.ActiveCfg = Release|Any CPU
		{504DB5A8-F677-45D0-A69E-B1DF8D4FF15D}.Release|Any CPU.Build.0 = Release|Any CPU
		{347E1BAD-E92A-4B88-88A4-58933ED2149B}.Debug|Any CPU.ActiveCfg = Debug|Any CPU
		{347E1BAD-E92A-4B88-88A4-58933ED2149B}.Debug|Any CPU.Build.0 = Debug|Any CPU
		{347E1BAD-E92A-4B88-88A4-58933ED2149B}.Release|Any CPU.ActiveCfg = Release|Any CPU
		{347E1BAD-E92A-4B88-88A4-58933ED2149B}.Release|Any CPU.Build.0 = Release|Any CPU
		{7C475865-1AE1-4774-9112-6B4AEAF8DD94}.Debug|Any CPU.ActiveCfg = Debug|Any CPU
		{7C475865-1AE1-4774-9112-6B4AEAF8DD94}.Debug|Any CPU.Build.0 = Debug|Any CPU
		{7C475865-1AE1-4774-9112-6B4AEAF8DD94}.Release|Any CPU.ActiveCfg = Release|Any CPU
		{7C475865-1AE1-4774-9112-6B4AEAF8DD94}.Release|Any CPU.Build.0 = Release|Any CPU
		{0FC50A21-7E16-40A7-BFEC-46390E88DA2E}.Debug|Any CPU.ActiveCfg = Debug|Any CPU
		{0FC50A21-7E16-40A7-BFEC-46390E88DA2E}.Debug|Any CPU.Build.0 = Debug|Any CPU
		{0FC50A21-7E16-40A7-BFEC-46390E88DA2E}.Release|Any CPU.ActiveCfg = Release|Any CPU
		{0FC50A21-7E16-40A7-BFEC-46390E88DA2E}.Release|Any CPU.Build.0 = Release|Any CPU
		{6DF3FCC3-064E-43F0-8097-218AECFD7D1B}.Debug|Any CPU.ActiveCfg = Debug|Any CPU
		{6DF3FCC3-064E-43F0-8097-218AECFD7D1B}.Debug|Any CPU.Build.0 = Debug|Any CPU
		{6DF3FCC3-064E-43F0-8097-218AECFD7D1B}.Release|Any CPU.ActiveCfg = Release|Any CPU
		{6DF3FCC3-064E-43F0-8097-218AECFD7D1B}.Release|Any CPU.Build.0 = Release|Any CPU
		{2242A2A0-8C27-4023-8EF2-3B306689F767}.Debug|Any CPU.ActiveCfg = Debug|Any CPU
		{2242A2A0-8C27-4023-8EF2-3B306689F767}.Debug|Any CPU.Build.0 = Debug|Any CPU
		{2242A2A0-8C27-4023-8EF2-3B306689F767}.Release|Any CPU.ActiveCfg = Release|Any CPU
		{2242A2A0-8C27-4023-8EF2-3B306689F767}.Release|Any CPU.Build.0 = Release|Any CPU
		{8379D5D5-16F8-46E0-9254-38CD28D6C111}.Debug|Any CPU.ActiveCfg = Debug|Any CPU
		{8379D5D5-16F8-46E0-9254-38CD28D6C111}.Debug|Any CPU.Build.0 = Debug|Any CPU
		{8379D5D5-16F8-46E0-9254-38CD28D6C111}.Release|Any CPU.ActiveCfg = Release|Any CPU
		{8379D5D5-16F8-46E0-9254-38CD28D6C111}.Release|Any CPU.Build.0 = Release|Any CPU
		{CE36F3B3-10BF-4342-AD5D-5BBDD7602B06}.Debug|Any CPU.ActiveCfg = Debug|Any CPU
		{CE36F3B3-10BF-4342-AD5D-5BBDD7602B06}.Debug|Any CPU.Build.0 = Debug|Any CPU
		{CE36F3B3-10BF-4342-AD5D-5BBDD7602B06}.Release|Any CPU.ActiveCfg = Release|Any CPU
		{CE36F3B3-10BF-4342-AD5D-5BBDD7602B06}.Release|Any CPU.Build.0 = Release|Any CPU
		{DD60D7B8-754F-49DA-BC84-410725BBB20E}.Debug|Any CPU.ActiveCfg = Debug|Any CPU
		{DD60D7B8-754F-49DA-BC84-410725BBB20E}.Debug|Any CPU.Build.0 = Debug|Any CPU
		{DD60D7B8-754F-49DA-BC84-410725BBB20E}.Release|Any CPU.ActiveCfg = Release|Any CPU
		{DD60D7B8-754F-49DA-BC84-410725BBB20E}.Release|Any CPU.Build.0 = Release|Any CPU
	EndGlobalSection
	GlobalSection(SolutionProperties) = preSolution
		HideSolutionNode = FALSE
	EndGlobalSection
	GlobalSection(ExtensibilityGlobals) = postSolution
		SolutionGuid = {CE21DF75-67E5-4A7B-B97B-A0F17691883B}
	EndGlobalSection
EndGlobal
